
Microsoft Visual Studio Solution File, Format Version 12.00
# Visual Studio Version 16
VisualStudioVersion = 16.0.30204.135
MinimumVisualStudioVersion = 10.0.40219.1
Project("{9A19103F-16F7-4668-BE54-9A1E7A4F7556}") = "ConwaysGameOfLife", "ConwaysGameOfLife\ConwaysGameOfLife.csproj", "{38CACD89-54D2-431E-833E-110878927651}"
EndProject
Project("{2150E333-8FDC-42A3-9474-1A3956D46DE8}") = "ConwaysV02", "ConwaysV02", "{56E74723-8956-4090-9988-46C7B9E4DEC8}"
EndProject
Project("{2150E333-8FDC-42A3-9474-1A3956D46DE8}") = "src", "src", "{EE39C725-DE0D-4FAE-856C-A677788F3208}"
EndProject
Project("{2150E333-8FDC-42A3-9474-1A3956D46DE8}") = "test", "test", "{9EC7AA21-7A4A-41D5-9888-7FDDFC03550B}"
EndProject
Project("{FAE04EC0-301F-11D3-BF4B-00C04F79EFBC}") = "Conways.DesktopApp", "Conways.DesktopApp\Conways.DesktopApp.csproj", "{18008F8D-9B3E-432A-B83A-C15589CA0E6F}"
EndProject
Global
	GlobalSection(SolutionConfigurationPlatforms) = preSolution
		Debug|Any CPU = Debug|Any CPU
		Release|Any CPU = Release|Any CPU
	EndGlobalSection
	GlobalSection(ProjectConfigurationPlatforms) = postSolution
		{38CACD89-54D2-431E-833E-110878927651}.Debug|Any CPU.ActiveCfg = Debug|Any CPU
		{38CACD89-54D2-431E-833E-110878927651}.Debug|Any CPU.Build.0 = Debug|Any CPU
		{38CACD89-54D2-431E-833E-110878927651}.Release|Any CPU.ActiveCfg = Release|Any CPU
		{38CACD89-54D2-431E-833E-110878927651}.Release|Any CPU.Build.0 = Release|Any CPU
		{18008F8D-9B3E-432A-B83A-C15589CA0E6F}.Debug|Any CPU.ActiveCfg = Debug|Any CPU
		{18008F8D-9B3E-432A-B83A-C15589CA0E6F}.Debug|Any CPU.Build.0 = Debug|Any CPU
		{18008F8D-9B3E-432A-B83A-C15589CA0E6F}.Release|Any CPU.ActiveCfg = Release|Any CPU
		{18008F8D-9B3E-432A-B83A-C15589CA0E6F}.Release|Any CPU.Build.0 = Release|Any CPU
	EndGlobalSection
	GlobalSection(SolutionProperties) = preSolution
		HideSolutionNode = FALSE
	EndGlobalSection
	GlobalSection(NestedProjects) = preSolution
		{EE39C725-DE0D-4FAE-856C-A677788F3208} = {56E74723-8956-4090-9988-46C7B9E4DEC8}
		{9EC7AA21-7A4A-41D5-9888-7FDDFC03550B} = {56E74723-8956-4090-9988-46C7B9E4DEC8}
		{18008F8D-9B3E-432A-B83A-C15589CA0E6F} = {EE39C725-DE0D-4FAE-856C-A677788F3208}
	EndGlobalSection
	GlobalSection(ExtensibilityGlobals) = postSolution
		SolutionGuid = {C8116315-9EDE-4F28-98DC-E43B46C37AEA}
	EndGlobalSection
EndGlobal
