
Microsoft Visual Studio Solution File, Format Version 12.00
# Visual Studio Version 16
VisualStudioVersion = 16.0.30204.135
MinimumVisualStudioVersion = 10.0.40219.1
Project("{FAE04EC0-301F-11D3-BF4B-00C04F79EFBC}") = "ConwaysGameOfLife", "ConwaysGameOfLife\ConwaysGameOfLife.csproj", "{38CACD89-54D2-431E-833E-110878927651}"
EndProject
Global
	GlobalSection(SolutionConfigurationPlatforms) = preSolution
		Debug|Any CPU = Debug|Any CPU
		Release|Any CPU = Release|Any CPU
	EndGlobalSection
	GlobalSection(ProjectConfigurationPlatforms) = postSolution
		{38CACD89-54D2-431E-833E-110878927651}.Debug|Any CPU.ActiveCfg = Debug|Any CPU
		{38CACD89-54D2-431E-833E-110878927651}.Debug|Any CPU.Build.0 = Debug|Any CPU
		{38CACD89-54D2-431E-833E-110878927651}.Release|Any CPU.ActiveCfg = Release|Any CPU
		{38CACD89-54D2-431E-833E-110878927651}.Release|Any CPU.Build.0 = Release|Any CPU
	EndGlobalSection
	GlobalSection(SolutionProperties) = preSolution
		HideSolutionNode = FALSE
	EndGlobalSection
	GlobalSection(ExtensibilityGlobals) = postSolution
		SolutionGuid = {C8116315-9EDE-4F28-98DC-E43B46C37AEA}
	EndGlobalSection
EndGlobal
